
Microsoft Visual Studio Solution File, Format Version 12.00
# Visual Studio 15
VisualStudioVersion = 15.0.28307.1022
MinimumVisualStudioVersion = 10.0.40219.1
Project("{FAE04EC0-301F-11D3-BF4B-00C04F79EFBC}") = "smallGame", "smallGame\smallGame.csproj", "{801C345B-CBCD-44A1-8574-77D35D4BC7D8}"
EndProject
Global
	GlobalSection(SolutionConfigurationPlatforms) = preSolution
		Debug|Any CPU = Debug|Any CPU
		Release|Any CPU = Release|Any CPU
	EndGlobalSection
	GlobalSection(ProjectConfigurationPlatforms) = postSolution
		{801C345B-CBCD-44A1-8574-77D35D4BC7D8}.Debug|Any CPU.ActiveCfg = Debug|Any CPU
		{801C345B-CBCD-44A1-8574-77D35D4BC7D8}.Debug|Any CPU.Build.0 = Debug|Any CPU
		{801C345B-CBCD-44A1-8574-77D35D4BC7D8}.Release|Any CPU.ActiveCfg = Release|Any CPU
		{801C345B-CBCD-44A1-8574-77D35D4BC7D8}.Release|Any CPU.Build.0 = Release|Any CPU
	EndGlobalSection
	GlobalSection(SolutionProperties) = preSolution
		HideSolutionNode = FALSE
	EndGlobalSection
	GlobalSection(ExtensibilityGlobals) = postSolution
		SolutionGuid = {D2DCE785-41D3-45B7-B41A-68674D404E83}
	EndGlobalSection
EndGlobal
